
Microsoft Visual Studio Solution File, Format Version 12.00
# Visual Studio Version 17
VisualStudioVersion = 17.8.34322.80
MinimumVisualStudioVersion = 10.0.40219.1
Project("{FAE04EC0-301F-11D3-BF4B-00C04F79EFBC}") = "PetShop", "PetShop\PetShop.csproj", "{EDB54272-D0D6-4ECC-BCD4-EEBE6AFB6E14}"
EndProject
Global
	GlobalSection(SolutionConfigurationPlatforms) = preSolution
		Debug|Any CPU = Debug|Any CPU
		Release|Any CPU = Release|Any CPU
	EndGlobalSection
	GlobalSection(ProjectConfigurationPlatforms) = postSolution
		{EDB54272-D0D6-4ECC-BCD4-EEBE6AFB6E14}.Debug|Any CPU.ActiveCfg = Debug|Any CPU
		{EDB54272-D0D6-4ECC-BCD4-EEBE6AFB6E14}.Debug|Any CPU.Build.0 = Debug|Any CPU
		{EDB54272-D0D6-4ECC-BCD4-EEBE6AFB6E14}.Release|Any CPU.ActiveCfg = Release|Any CPU
		{EDB54272-D0D6-4ECC-BCD4-EEBE6AFB6E14}.Release|Any CPU.Build.0 = Release|Any CPU
	EndGlobalSection
	GlobalSection(SolutionProperties) = preSolution
		HideSolutionNode = FALSE
	EndGlobalSection
	GlobalSection(ExtensibilityGlobals) = postSolution
		SolutionGuid = {57F4DB3F-7CCA-4561-89A4-0B6515274056}
	EndGlobalSection
EndGlobal
